
Microsoft Visual Studio Solution File, Format Version 12.00
Project("{FAE04EC0-301F-11D3-BF4B-00C04F79EFBC}") = "OnboardingPortal", "OnboardingPortal\OnboardingPortal.csproj", "{46BD623A-AE41-4EDB-BBAC-535F5DB62A83}"
EndProject
Project("{2150E333-8FDC-42A3-9474-1A3956D46DE8}") = "tests", "tests", "{F81AD21E-0F48-445E-9EF7-98B0255F3CA1}"
EndProject
Project("{2150E333-8FDC-42A3-9474-1A3956D46DE8}") = "docs", "docs", "{9D08157C-F5FA-4D83-ABD0-786DE0D0210C}"
EndProject
Project("{2150E333-8FDC-42A3-9474-1A3956D46DE8}") = "src", "src", "{433F4823-EC55-4E73-ABC5-E42BCC3E8522}"
EndProject
Project("{2150E333-8FDC-42A3-9474-1A3956D46DE8}") = "core", "core", "{E14C01CF-36FD-43C1-9FE3-D5845FA943ED}"
EndProject
Project("{2150E333-8FDC-42A3-9474-1A3956D46DE8}") = "infra", "infra", "{27B88846-BA16-4D92-B874-85A5EB74ECBC}"
EndProject
Project("{2150E333-8FDC-42A3-9474-1A3956D46DE8}") = "presentation", "presentation", "{667EAB79-46C1-4DE3-A33D-3AD914DE8335}"
EndProject
Global
	GlobalSection(SolutionConfigurationPlatforms) = preSolution
		Debug|Any CPU = Debug|Any CPU
		Release|Any CPU = Release|Any CPU
	EndGlobalSection
	GlobalSection(ProjectConfigurationPlatforms) = postSolution
		{46BD623A-AE41-4EDB-BBAC-535F5DB62A83}.Debug|Any CPU.ActiveCfg = Debug|Any CPU
		{46BD623A-AE41-4EDB-BBAC-535F5DB62A83}.Debug|Any CPU.Build.0 = Debug|Any CPU
		{46BD623A-AE41-4EDB-BBAC-535F5DB62A83}.Release|Any CPU.ActiveCfg = Release|Any CPU
		{46BD623A-AE41-4EDB-BBAC-535F5DB62A83}.Release|Any CPU.Build.0 = Release|Any CPU
	EndGlobalSection
	GlobalSection(NestedProjects) = preSolution
		{E14C01CF-36FD-43C1-9FE3-D5845FA943ED} = {433F4823-EC55-4E73-ABC5-E42BCC3E8522}
		{27B88846-BA16-4D92-B874-85A5EB74ECBC} = {433F4823-EC55-4E73-ABC5-E42BCC3E8522}
		{667EAB79-46C1-4DE3-A33D-3AD914DE8335} = {433F4823-EC55-4E73-ABC5-E42BCC3E8522}
		{46BD623A-AE41-4EDB-BBAC-535F5DB62A83} = {E14C01CF-36FD-43C1-9FE3-D5845FA943ED}
	EndGlobalSection
EndGlobal
