
Microsoft Visual Studio Solution File, Format Version 12.00
Project("{2150E333-8FDC-42A3-9474-1A3956D46DE8}") = "tests", "tests", "{F81AD21E-0F48-445E-9EF7-98B0255F3CA1}"
EndProject
Project("{2150E333-8FDC-42A3-9474-1A3956D46DE8}") = "docs", "docs", "{9D08157C-F5FA-4D83-ABD0-786DE0D0210C}"
EndProject
Project("{2150E333-8FDC-42A3-9474-1A3956D46DE8}") = "src", "src", "{433F4823-EC55-4E73-ABC5-E42BCC3E8522}"
EndProject
Project("{2150E333-8FDC-42A3-9474-1A3956D46DE8}") = "core", "core", "{E14C01CF-36FD-43C1-9FE3-D5845FA943ED}"
EndProject
Project("{2150E333-8FDC-42A3-9474-1A3956D46DE8}") = "infra", "infra", "{27B88846-BA16-4D92-B874-85A5EB74ECBC}"
EndProject
Project("{2150E333-8FDC-42A3-9474-1A3956D46DE8}") = "presentation", "presentation", "{667EAB79-46C1-4DE3-A33D-3AD914DE8335}"
EndProject
Project("{FAE04EC0-301F-11D3-BF4B-00C04F79EFBC}") = "OnboardingPortal.Core", "OnboardingPortal.Core\OnboardingPortal.Core.csproj", "{A68B5D9A-859A-410E-ACFA-759A75943786}"
EndProject
Project("{FAE04EC0-301F-11D3-BF4B-00C04F79EFBC}") = "OnboardingPortal.Application", "OnboardingPortal.Application\OnboardingPortal.Application.csproj", "{AC8EA62E-AB08-464B-9909-B9D317B8BC23}"
EndProject
Project("{FAE04EC0-301F-11D3-BF4B-00C04F79EFBC}") = "OnboardingApp.SharedKernel", "OnboardingApp.SharedKernel\OnboardingApp.SharedKernel.csproj", "{F6FFCE10-1977-4204-8160-04B0BFFACB7F}"
EndProject
Project("{FAE04EC0-301F-11D3-BF4B-00C04F79EFBC}") = "OnboardingPortal.Infra", "OnboardingPortal.Infra\OnboardingPortal.Infra.csproj", "{F511A5A9-C733-49C0-80D9-0BED8153AE7B}"
EndProject
Project("{FAE04EC0-301F-11D3-BF4B-00C04F79EFBC}") = "OnboardingPortal.Api", "OnboardingPortal.Api\OnboardingPortal.Api.csproj", "{34C7E94E-8004-4FDB-8CEA-20F81720B752}"
EndProject
Global
	GlobalSection(SolutionConfigurationPlatforms) = preSolution
		Debug|Any CPU = Debug|Any CPU
		Release|Any CPU = Release|Any CPU
	EndGlobalSection
	GlobalSection(ProjectConfigurationPlatforms) = postSolution
		{A68B5D9A-859A-410E-ACFA-759A75943786}.Debug|Any CPU.ActiveCfg = Debug|Any CPU
		{A68B5D9A-859A-410E-ACFA-759A75943786}.Debug|Any CPU.Build.0 = Debug|Any CPU
		{A68B5D9A-859A-410E-ACFA-759A75943786}.Release|Any CPU.ActiveCfg = Release|Any CPU
		{A68B5D9A-859A-410E-ACFA-759A75943786}.Release|Any CPU.Build.0 = Release|Any CPU
		{AC8EA62E-AB08-464B-9909-B9D317B8BC23}.Debug|Any CPU.ActiveCfg = Debug|Any CPU
		{AC8EA62E-AB08-464B-9909-B9D317B8BC23}.Debug|Any CPU.Build.0 = Debug|Any CPU
		{AC8EA62E-AB08-464B-9909-B9D317B8BC23}.Release|Any CPU.ActiveCfg = Release|Any CPU
		{AC8EA62E-AB08-464B-9909-B9D317B8BC23}.Release|Any CPU.Build.0 = Release|Any CPU
		{F6FFCE10-1977-4204-8160-04B0BFFACB7F}.Debug|Any CPU.ActiveCfg = Debug|Any CPU
		{F6FFCE10-1977-4204-8160-04B0BFFACB7F}.Debug|Any CPU.Build.0 = Debug|Any CPU
		{F6FFCE10-1977-4204-8160-04B0BFFACB7F}.Release|Any CPU.ActiveCfg = Release|Any CPU
		{F6FFCE10-1977-4204-8160-04B0BFFACB7F}.Release|Any CPU.Build.0 = Release|Any CPU
		{F511A5A9-C733-49C0-80D9-0BED8153AE7B}.Debug|Any CPU.ActiveCfg = Debug|Any CPU
		{F511A5A9-C733-49C0-80D9-0BED8153AE7B}.Debug|Any CPU.Build.0 = Debug|Any CPU
		{F511A5A9-C733-49C0-80D9-0BED8153AE7B}.Release|Any CPU.ActiveCfg = Release|Any CPU
		{F511A5A9-C733-49C0-80D9-0BED8153AE7B}.Release|Any CPU.Build.0 = Release|Any CPU
		{34C7E94E-8004-4FDB-8CEA-20F81720B752}.Debug|Any CPU.ActiveCfg = Debug|Any CPU
		{34C7E94E-8004-4FDB-8CEA-20F81720B752}.Debug|Any CPU.Build.0 = Debug|Any CPU
		{34C7E94E-8004-4FDB-8CEA-20F81720B752}.Release|Any CPU.ActiveCfg = Release|Any CPU
		{34C7E94E-8004-4FDB-8CEA-20F81720B752}.Release|Any CPU.Build.0 = Release|Any CPU
	EndGlobalSection
	GlobalSection(NestedProjects) = preSolution
		{E14C01CF-36FD-43C1-9FE3-D5845FA943ED} = {433F4823-EC55-4E73-ABC5-E42BCC3E8522}
		{27B88846-BA16-4D92-B874-85A5EB74ECBC} = {433F4823-EC55-4E73-ABC5-E42BCC3E8522}
		{667EAB79-46C1-4DE3-A33D-3AD914DE8335} = {433F4823-EC55-4E73-ABC5-E42BCC3E8522}
		{A68B5D9A-859A-410E-ACFA-759A75943786} = {E14C01CF-36FD-43C1-9FE3-D5845FA943ED}
		{AC8EA62E-AB08-464B-9909-B9D317B8BC23} = {E14C01CF-36FD-43C1-9FE3-D5845FA943ED}
		{F6FFCE10-1977-4204-8160-04B0BFFACB7F} = {E14C01CF-36FD-43C1-9FE3-D5845FA943ED}
		{F511A5A9-C733-49C0-80D9-0BED8153AE7B} = {27B88846-BA16-4D92-B874-85A5EB74ECBC}
		{34C7E94E-8004-4FDB-8CEA-20F81720B752} = {667EAB79-46C1-4DE3-A33D-3AD914DE8335}
	EndGlobalSection
EndGlobal
